
Microsoft Visual Studio Solution File, Format Version 11.00
# Visual Studio 2010
# SharpDevelop 4.3
Project("{FAE04EC0-301F-11D3-BF4B-00C04F79EFBC}") = "PRACTICA4.2", "PRACTICA4.2\PRACTICA4.2.csproj", "{A6A0D88E-19BA-41B4-8E03-030AD63D3A17}"
EndProject
Global
	GlobalSection(SolutionConfigurationPlatforms) = preSolution
		Debug|Any CPU = Debug|Any CPU
		Release|Any CPU = Release|Any CPU
	EndGlobalSection
	GlobalSection(ProjectConfigurationPlatforms) = postSolution
		{A6A0D88E-19BA-41B4-8E03-030AD63D3A17}.Debug|Any CPU.Build.0 = Debug|Any CPU
		{A6A0D88E-19BA-41B4-8E03-030AD63D3A17}.Debug|Any CPU.ActiveCfg = Debug|Any CPU
		{A6A0D88E-19BA-41B4-8E03-030AD63D3A17}.Release|Any CPU.Build.0 = Release|Any CPU
		{A6A0D88E-19BA-41B4-8E03-030AD63D3A17}.Release|Any CPU.ActiveCfg = Release|Any CPU
	EndGlobalSection
EndGlobal
